
Microsoft Visual Studio Solution File, Format Version 12.00
# Visual Studio Version 16
VisualStudioVersion = 16.0.30011.22
MinimumVisualStudioVersion = 10.0.40219.1
Project("{8BC9CEB8-8B4A-11D0-8D11-00A0C91BC942}") = "BankManagementSystem", "BankManagementSystem\BankManagementSystem.vcxproj", "{6AF3B366-5CAB-4448-8AB7-1C660EB7EEFB}"
EndProject
Global
	GlobalSection(SolutionConfigurationPlatforms) = preSolution
		Debug|x64 = Debug|x64
		Debug|x86 = Debug|x86
		Release|x64 = Release|x64
		Release|x86 = Release|x86
	EndGlobalSection
	GlobalSection(ProjectConfigurationPlatforms) = postSolution
		{6AF3B366-5CAB-4448-8AB7-1C660EB7EEFB}.Debug|x64.ActiveCfg = Debug|x64
		{6AF3B366-5CAB-4448-8AB7-1C660EB7EEFB}.Debug|x64.Build.0 = Debug|x64
		{6AF3B366-5CAB-4448-8AB7-1C660EB7EEFB}.Debug|x86.ActiveCfg = Debug|Win32
		{6AF3B366-5CAB-4448-8AB7-1C660EB7EEFB}.Debug|x86.Build.0 = Debug|Win32
		{6AF3B366-5CAB-4448-8AB7-1C660EB7EEFB}.Release|x64.ActiveCfg = Release|x64
		{6AF3B366-5CAB-4448-8AB7-1C660EB7EEFB}.Release|x64.Build.0 = Release|x64
		{6AF3B366-5CAB-4448-8AB7-1C660EB7EEFB}.Release|x86.ActiveCfg = Release|Win32
		{6AF3B366-5CAB-4448-8AB7-1C660EB7EEFB}.Release|x86.Build.0 = Release|Win32
	EndGlobalSection
	GlobalSection(SolutionProperties) = preSolution
		HideSolutionNode = FALSE
	EndGlobalSection
	GlobalSection(ExtensibilityGlobals) = postSolution
		SolutionGuid = {A72A6BF2-3892-4195-8F21-36205E8D5703}
	EndGlobalSection
EndGlobal
